# THIS IS AN AUTOGENERATED FILE. DO NOT EDIT THIS FILE DIRECTLY.
# yarn lockfile v1


"@rescript/react@0.11.0":
  version "0.11.0"
  resolved "https://registry.npmjs.org/@rescript/react/-/react-0.11.0.tgz#d2545546d823bdb8e6b59daa1790098d1666f79e"
  integrity sha512-RzoAO+3cJwXE2D7yodMo4tBO2EkeDYCN/I/Sj/yRweI3S1CY1ZBOF/GMcVtjeIurJJt7KMveqQXTaRrqoGZBBg==

react-on-rails@16.0.1-rc.2:
  version "16.0.1-rc.2"
  resolved "https://registry.npmjs.org/react-on-rails/-/react-on-rails-16.0.1-rc.2.tgz#efa95be66173f7653d954271005a38814cbb6065"
  integrity sha512-A4aiSqoFpebpFlW5aFf0+vm+icFazO6PHmyvs9PdEfvgSwvFfakvYZ132hrNsZmHdHB+nl8C+xg0gFxG7lMmfA==

rescript@11.1.4:
  version "11.1.4"
  resolved "https://registry.npmjs.org/rescript/-/rescript-11.1.4.tgz#9a42ebc4fc5363707e39cef5b3188160b63bee42"
  integrity sha512-0bGU0bocihjSC6MsE3TMjHjY0EUpchyrREquLS8VsZ3ohSMD+VHUEwimEfB3kpBI1vYkw3UFZ3WD8R28guz/Vw==
