# THIS IS AN AUTOGENERATED FILE. DO NOT EDIT THIS FILE DIRECTLY.
# yarn lockfile v1


"@babel/runtime-corejs2@^7.0.0":
  version "7.4.4"
  resolved "https://registry.yarnpkg.com/@babel/runtime-corejs2/-/runtime-corejs2-7.4.4.tgz#4d4519a4c85e9d98fdff59f5371758a34ae07923"
  dependencies:
    core-js "^2.6.5"
    regenerator-runtime "^0.13.2"

bs-platform@^5.0.4:
  version "5.0.4"
  resolved "https://registry.yarnpkg.com/bs-platform/-/bs-platform-5.0.4.tgz#d406ef43c12d1b19d8546884d8b5b4e0fb709372"

core-js@^2.6.5:
  version "2.6.5"
  resolved "https://registry.yarnpkg.com/core-js/-/core-js-2.6.5.tgz#44bc8d249e7fb2ff5d00e0341a7ffb94fbf67895"

"js-tokens@^3.0.0 || ^4.0.0":
  version "4.0.0"
  resolved "https://registry.yarnpkg.com/js-tokens/-/js-tokens-4.0.0.tgz#19203fb59991df98e3a287050d4647cdeaf32499"

loose-envify@^1.1.0, loose-envify@^1.4.0:
  version "1.4.0"
  resolved "https://registry.yarnpkg.com/loose-envify/-/loose-envify-1.4.0.tgz#71ee51fa7be4caec1a63839f7e682d8132d30caf"
  dependencies:
    js-tokens "^3.0.0 || ^4.0.0"

object-assign@^4.1.1:
  version "4.1.1"
  resolved "https://registry.yarnpkg.com/object-assign/-/object-assign-4.1.1.tgz#2109adc7965887cfc05cbbd442cac8bfbb360863"

prop-types@^15.6.2:
  version "15.7.2"
  resolved "https://registry.yarnpkg.com/prop-types/-/prop-types-15.7.2.tgz#52c41e75b8c87e72b9d9360e0206b99dcbffa6c5"
  dependencies:
    loose-envify "^1.4.0"
    object-assign "^4.1.1"
    react-is "^16.8.1"

react-dom@>=16.8.1:
  version "16.8.6"
  resolved "https://registry.yarnpkg.com/react-dom/-/react-dom-16.8.6.tgz#71d6303f631e8b0097f56165ef608f051ff6e10f"
  dependencies:
    loose-envify "^1.1.0"
    object-assign "^4.1.1"
    prop-types "^15.6.2"
    scheduler "^0.13.6"

react-is@^16.8.1:
  version "16.8.6"
  resolved "https://registry.yarnpkg.com/react-is/-/react-is-16.8.6.tgz#5bbc1e2d29141c9fbdfed456343fe2bc430a6a16"

react-on-rails@^11.2.2:
  version "11.2.2"
  resolved "https://registry.yarnpkg.com/react-on-rails/-/react-on-rails-11.2.2.tgz#e5cc062e41832f548d9d40dfc2aebd586b932f95"
  dependencies:
    "@babel/runtime-corejs2" "^7.0.0"

react@>=16.8.1:
  version "16.8.6"
  resolved "https://registry.yarnpkg.com/react/-/react-16.8.6.tgz#ad6c3a9614fd3a4e9ef51117f54d888da01f2bbe"
  dependencies:
    loose-envify "^1.1.0"
    object-assign "^4.1.1"
    prop-types "^15.6.2"
    scheduler "^0.13.6"

reason-react@^0.7.0:
  version "0.7.0"
  resolved "https://registry.yarnpkg.com/reason-react/-/reason-react-0.7.0.tgz#46a975c321e81cd51310d7b1a02418ca7667b0d6"
  dependencies:
    react ">=16.8.1"
    react-dom ">=16.8.1"

regenerator-runtime@^0.13.2:
  version "0.13.2"
  resolved "https://registry.yarnpkg.com/regenerator-runtime/-/regenerator-runtime-0.13.2.tgz#32e59c9a6fb9b1a4aff09b4930ca2d4477343447"

scheduler@^0.13.6:
  version "0.13.6"
  resolved "https://registry.yarnpkg.com/scheduler/-/scheduler-0.13.6.tgz#466a4ec332467b31a91b9bf74e5347072e4cd889"
  dependencies:
    loose-envify "^1.1.0"
    object-assign "^4.1.1"
